
Microsoft Visual Studio Solution File, Format Version 12.00
# Visual Studio Version 16
VisualStudioVersion = 16.0.29905.134
MinimumVisualStudioVersion = 10.0.40219.1
Project("{FAE04EC0-301F-11D3-BF4B-00C04F79EFBC}") = "CalculationAlgorithm", "CalculationAlgorithm\CalculationAlgorithm.csproj", "{C0DBEB1B-F81E-46CB-BC1E-580C0AA4A798}"
EndProject
Project("{FAE04EC0-301F-11D3-BF4B-00C04F79EFBC}") = "CalculationAlgorithmTests", "CalculationAlgorithmTests\CalculationAlgorithmTests.csproj", "{8EDF4429-251A-416D-BB68-93F227191BCF}"
EndProject
Project("{FAE04EC0-301F-11D3-BF4B-00C04F79EFBC}") = "CalculationAlgorithmWrapper", "CalculationAlgorithmWrapper\CalculationAlgorithmWrapper.csproj", "{061A95EB-0B0B-473D-AD0B-3B2ECD849386}"
EndProject
Project("{FAE04EC0-301F-11D3-BF4B-00C04F79EFBC}") = "CalculationAlgorithmWrapperTests", "CalculationAlgorithmWrapperTests\CalculationAlgorithmWrapperTests.csproj", "{88FD47EC-679A-4F4C-BA5C-9DDC00F2D5B6}"
EndProject
Project("{FAE04EC0-301F-11D3-BF4B-00C04F79EFBC}") = "CurveChartImageCreator", "CurveChartImageCreator\CurveChartImageCreator.csproj", "{F5507C43-4F6D-4A31-B940-6E90CC01675A}"
EndProject
Project("{FAE04EC0-301F-11D3-BF4B-00C04F79EFBC}") = "CurveChartImageCreatorTests", "CurveChartImageCreatorTests\CurveChartImageCreatorTests.csproj", "{92195F54-1153-4662-8571-FD3C775B3318}"
EndProject
Global
	GlobalSection(SolutionConfigurationPlatforms) = preSolution
		Debug|Any CPU = Debug|Any CPU
		Release|Any CPU = Release|Any CPU
	EndGlobalSection
	GlobalSection(ProjectConfigurationPlatforms) = postSolution
		{C0DBEB1B-F81E-46CB-BC1E-580C0AA4A798}.Debug|Any CPU.ActiveCfg = Debug|Any CPU
		{C0DBEB1B-F81E-46CB-BC1E-580C0AA4A798}.Debug|Any CPU.Build.0 = Debug|Any CPU
		{C0DBEB1B-F81E-46CB-BC1E-580C0AA4A798}.Release|Any CPU.ActiveCfg = Release|Any CPU
		{C0DBEB1B-F81E-46CB-BC1E-580C0AA4A798}.Release|Any CPU.Build.0 = Release|Any CPU
		{8EDF4429-251A-416D-BB68-93F227191BCF}.Debug|Any CPU.ActiveCfg = Debug|Any CPU
		{8EDF4429-251A-416D-BB68-93F227191BCF}.Debug|Any CPU.Build.0 = Debug|Any CPU
		{8EDF4429-251A-416D-BB68-93F227191BCF}.Release|Any CPU.ActiveCfg = Release|Any CPU
		{8EDF4429-251A-416D-BB68-93F227191BCF}.Release|Any CPU.Build.0 = Release|Any CPU
		{061A95EB-0B0B-473D-AD0B-3B2ECD849386}.Debug|Any CPU.ActiveCfg = Debug|Any CPU
		{061A95EB-0B0B-473D-AD0B-3B2ECD849386}.Debug|Any CPU.Build.0 = Debug|Any CPU
		{061A95EB-0B0B-473D-AD0B-3B2ECD849386}.Release|Any CPU.ActiveCfg = Release|Any CPU
		{061A95EB-0B0B-473D-AD0B-3B2ECD849386}.Release|Any CPU.Build.0 = Release|Any CPU
		{88FD47EC-679A-4F4C-BA5C-9DDC00F2D5B6}.Debug|Any CPU.ActiveCfg = Debug|Any CPU
		{88FD47EC-679A-4F4C-BA5C-9DDC00F2D5B6}.Debug|Any CPU.Build.0 = Debug|Any CPU
		{88FD47EC-679A-4F4C-BA5C-9DDC00F2D5B6}.Release|Any CPU.ActiveCfg = Release|Any CPU
		{88FD47EC-679A-4F4C-BA5C-9DDC00F2D5B6}.Release|Any CPU.Build.0 = Release|Any CPU
		{F5507C43-4F6D-4A31-B940-6E90CC01675A}.Debug|Any CPU.ActiveCfg = Debug|Any CPU
		{F5507C43-4F6D-4A31-B940-6E90CC01675A}.Debug|Any CPU.Build.0 = Debug|Any CPU
		{F5507C43-4F6D-4A31-B940-6E90CC01675A}.Release|Any CPU.ActiveCfg = Release|Any CPU
		{F5507C43-4F6D-4A31-B940-6E90CC01675A}.Release|Any CPU.Build.0 = Release|Any CPU
		{92195F54-1153-4662-8571-FD3C775B3318}.Debug|Any CPU.ActiveCfg = Debug|Any CPU
		{92195F54-1153-4662-8571-FD3C775B3318}.Debug|Any CPU.Build.0 = Debug|Any CPU
		{92195F54-1153-4662-8571-FD3C775B3318}.Release|Any CPU.ActiveCfg = Release|Any CPU
		{92195F54-1153-4662-8571-FD3C775B3318}.Release|Any CPU.Build.0 = Release|Any CPU
	EndGlobalSection
	GlobalSection(SolutionProperties) = preSolution
		HideSolutionNode = FALSE
	EndGlobalSection
	GlobalSection(ExtensibilityGlobals) = postSolution
		SolutionGuid = {167DDFC6-AE08-44C1-98A4-071764CC659B}
	EndGlobalSection
EndGlobal
